
Microsoft Visual Studio Solution File, Format Version 12.00
# Visual Studio Version 17
VisualStudioVersion = 17.14.36401.2 d17.14
MinimumVisualStudioVersion = 10.0.40219.1
Project("{FAE04EC0-301F-11D3-BF4B-00C04F79EFBC}") = "Wish.ERP.Benner", "Wish.ERP.Benner\Wish.ERP.Benner.csproj", "{99B8C1AC-7F1D-47C9-909E-93C3EB6F16FB}"
EndProject
Global
	GlobalSection(SolutionConfigurationPlatforms) = preSolution
		Debug|Any CPU = Debug|Any CPU
		Release|Any CPU = Release|Any CPU
	EndGlobalSection
	GlobalSection(ProjectConfigurationPlatforms) = postSolution
		{99B8C1AC-7F1D-47C9-909E-93C3EB6F16FB}.Debug|Any CPU.ActiveCfg = Debug|Any CPU
		{99B8C1AC-7F1D-47C9-909E-93C3EB6F16FB}.Debug|Any CPU.Build.0 = Debug|Any CPU
		{99B8C1AC-7F1D-47C9-909E-93C3EB6F16FB}.Release|Any CPU.ActiveCfg = Release|Any CPU
		{99B8C1AC-7F1D-47C9-909E-93C3EB6F16FB}.Release|Any CPU.Build.0 = Release|Any CPU
	EndGlobalSection
	GlobalSection(SolutionProperties) = preSolution
		HideSolutionNode = FALSE
	EndGlobalSection
	GlobalSection(ExtensibilityGlobals) = postSolution
		SolutionGuid = {C7A45A7F-B280-477F-A62D-BB868580FEFB}
	EndGlobalSection
EndGlobal
