
Microsoft Visual Studio Solution File, Format Version 12.00
# Visual Studio Version 17
VisualStudioVersion = 17.14.36401.2 d17.14
MinimumVisualStudioVersion = 10.0.40219.1
Project("{FAE04EC0-301F-11D3-BF4B-00C04F79EFBC}") = "Wish ERP", "Wish ERP\Wish ERP.csproj", "{5A273E32-3631-40E8-822A-42B6342B6795}"
EndProject
Global
	GlobalSection(SolutionConfigurationPlatforms) = preSolution
		Debug|Any CPU = Debug|Any CPU
		Release|Any CPU = Release|Any CPU
	EndGlobalSection
	GlobalSection(ProjectConfigurationPlatforms) = postSolution
		{5A273E32-3631-40E8-822A-42B6342B6795}.Debug|Any CPU.ActiveCfg = Debug|Any CPU
		{5A273E32-3631-40E8-822A-42B6342B6795}.Debug|Any CPU.Build.0 = Debug|Any CPU
		{5A273E32-3631-40E8-822A-42B6342B6795}.Release|Any CPU.ActiveCfg = Release|Any CPU
		{5A273E32-3631-40E8-822A-42B6342B6795}.Release|Any CPU.Build.0 = Release|Any CPU
	EndGlobalSection
	GlobalSection(SolutionProperties) = preSolution
		HideSolutionNode = FALSE
	EndGlobalSection
	GlobalSection(ExtensibilityGlobals) = postSolution
		SolutionGuid = {220317CC-7FF5-47F8-B972-8AAB1808D51B}
	EndGlobalSection
EndGlobal
